
Microsoft Visual Studio Solution File, Format Version 12.00
# Visual Studio Version 17
VisualStudioVersion = 17.10.34928.147
MinimumVisualStudioVersion = 10.0.40219.1
Project("{9A19103F-16F7-4668-BE54-9A1E7A4F7556}") = "Pubinno.Application", "Pubinno.Application\Pubinno.Application.csproj", "{CC14F9AC-82E1-485B-8A02-7816E5E44811}"
EndProject
Project("{9A19103F-16F7-4668-BE54-9A1E7A4F7556}") = "Pubinno.Domain", "Pubinno.Domain\Pubinno.Domain.csproj", "{42A3E842-87B4-418A-833D-5033F9131069}"
EndProject
Project("{9A19103F-16F7-4668-BE54-9A1E7A4F7556}") = "Pubinno.Persistence", "Pubinno.Persistence\Pubinno.Persistence.csproj", "{1D2B917C-9924-4EC1-8CE6-3C8C740CED92}"
EndProject
Project("{9A19103F-16F7-4668-BE54-9A1E7A4F7556}") = "Pubinno.API", "Pubinno.API\Pubinno.API.csproj", "{1FDA602B-6007-4700-A29D-0AD7D2D700EB}"
EndProject
Project("{2150E333-8FDC-42A3-9474-1A3956D46DE8}") = "Solution Items", "Solution Items", "{879FFAD4-CF28-4BB5-A6D7-8877AFF9AB86}"
	ProjectSection(SolutionItems) = preProject
		.gitignore = .gitignore
		Dockerfile = Dockerfile
	EndProjectSection
EndProject
Global
	GlobalSection(SolutionConfigurationPlatforms) = preSolution
		Debug|Any CPU = Debug|Any CPU
		Release|Any CPU = Release|Any CPU
	EndGlobalSection
	GlobalSection(ProjectConfigurationPlatforms) = postSolution
		{CC14F9AC-82E1-485B-8A02-7816E5E44811}.Debug|Any CPU.ActiveCfg = Debug|Any CPU
		{CC14F9AC-82E1-485B-8A02-7816E5E44811}.Debug|Any CPU.Build.0 = Debug|Any CPU
		{CC14F9AC-82E1-485B-8A02-7816E5E44811}.Release|Any CPU.ActiveCfg = Release|Any CPU
		{CC14F9AC-82E1-485B-8A02-7816E5E44811}.Release|Any CPU.Build.0 = Release|Any CPU
		{42A3E842-87B4-418A-833D-5033F9131069}.Debug|Any CPU.ActiveCfg = Debug|Any CPU
		{42A3E842-87B4-418A-833D-5033F9131069}.Debug|Any CPU.Build.0 = Debug|Any CPU
		{42A3E842-87B4-418A-833D-5033F9131069}.Release|Any CPU.ActiveCfg = Release|Any CPU
		{42A3E842-87B4-418A-833D-5033F9131069}.Release|Any CPU.Build.0 = Release|Any CPU
		{1D2B917C-9924-4EC1-8CE6-3C8C740CED92}.Debug|Any CPU.ActiveCfg = Debug|Any CPU
		{1D2B917C-9924-4EC1-8CE6-3C8C740CED92}.Debug|Any CPU.Build.0 = Debug|Any CPU
		{1D2B917C-9924-4EC1-8CE6-3C8C740CED92}.Release|Any CPU.ActiveCfg = Release|Any CPU
		{1D2B917C-9924-4EC1-8CE6-3C8C740CED92}.Release|Any CPU.Build.0 = Release|Any CPU
		{1FDA602B-6007-4700-A29D-0AD7D2D700EB}.Debug|Any CPU.ActiveCfg = Debug|Any CPU
		{1FDA602B-6007-4700-A29D-0AD7D2D700EB}.Debug|Any CPU.Build.0 = Debug|Any CPU
		{1FDA602B-6007-4700-A29D-0AD7D2D700EB}.Release|Any CPU.ActiveCfg = Release|Any CPU
		{1FDA602B-6007-4700-A29D-0AD7D2D700EB}.Release|Any CPU.Build.0 = Release|Any CPU
	EndGlobalSection
	GlobalSection(SolutionProperties) = preSolution
		HideSolutionNode = FALSE
	EndGlobalSection
	GlobalSection(ExtensibilityGlobals) = postSolution
		SolutionGuid = {B63A4A93-2056-4360-A2F3-CCBEEC7E4DE2}
	EndGlobalSection
EndGlobal
